
Microsoft Visual Studio Solution File, Format Version 12.00
# Visual Studio Version 17
VisualStudioVersion = 17.5.33424.131
MinimumVisualStudioVersion = 10.0.40219.1
Project("{FAE04EC0-301F-11D3-BF4B-00C04F79EFBC}") = "ClickUp_Task", "ClickUp_Task\ClickUp_Task.csproj", "{623F069B-8CB2-4BE9-A422-777C107D2985}"
EndProject
Global
	GlobalSection(SolutionConfigurationPlatforms) = preSolution
		Debug|Any CPU = Debug|Any CPU
		Release|Any CPU = Release|Any CPU
	EndGlobalSection
	GlobalSection(ProjectConfigurationPlatforms) = postSolution
		{623F069B-8CB2-4BE9-A422-777C107D2985}.Debug|Any CPU.ActiveCfg = Debug|Any CPU
		{623F069B-8CB2-4BE9-A422-777C107D2985}.Debug|Any CPU.Build.0 = Debug|Any CPU
		{623F069B-8CB2-4BE9-A422-777C107D2985}.Release|Any CPU.ActiveCfg = Release|Any CPU
		{623F069B-8CB2-4BE9-A422-777C107D2985}.Release|Any CPU.Build.0 = Release|Any CPU
	EndGlobalSection
	GlobalSection(SolutionProperties) = preSolution
		HideSolutionNode = FALSE
	EndGlobalSection
	GlobalSection(ExtensibilityGlobals) = postSolution
		SolutionGuid = {4CBA193E-DC49-4EBF-A9D5-AE7FC9FFC1C7}
	EndGlobalSection
EndGlobal
